
Microsoft Visual Studio Solution File, Format Version 12.00
# Visual Studio Version 17
VisualStudioVersion = 17.8.34316.72
MinimumVisualStudioVersion = 10.0.40219.1
Project("{FAE04EC0-301F-11D3-BF4B-00C04F79EFBC}") = "WinFormsApp1", "WinFormsApp1\WinFormsApp1.csproj", "{A11797BA-1FA3-43A1-A4DC-83F4FA2A6236}"
EndProject
Global
	GlobalSection(SolutionConfigurationPlatforms) = preSolution
		Debug|Any CPU = Debug|Any CPU
		Release|Any CPU = Release|Any CPU
	EndGlobalSection
	GlobalSection(ProjectConfigurationPlatforms) = postSolution
		{A11797BA-1FA3-43A1-A4DC-83F4FA2A6236}.Debug|Any CPU.ActiveCfg = Debug|Any CPU
		{A11797BA-1FA3-43A1-A4DC-83F4FA2A6236}.Debug|Any CPU.Build.0 = Debug|Any CPU
		{A11797BA-1FA3-43A1-A4DC-83F4FA2A6236}.Release|Any CPU.ActiveCfg = Release|Any CPU
		{A11797BA-1FA3-43A1-A4DC-83F4FA2A6236}.Release|Any CPU.Build.0 = Release|Any CPU
	EndGlobalSection
	GlobalSection(SolutionProperties) = preSolution
		HideSolutionNode = FALSE
	EndGlobalSection
	GlobalSection(ExtensibilityGlobals) = postSolution
		SolutionGuid = {FFFBBC99-CE1E-4004-BBB1-845C96F00C51}
	EndGlobalSection
EndGlobal
